{
  "name": "remote-function-call",
  "version": "1.0.0",
  "lockfileVersion": 1,
  "requires": true,
  "dependencies": {
    "frappu": {
      "version": "0.8.0",
      "resolved": "https://registry.npmjs.org/frappu/-/frappu-0.8.0.tgz",
      "integrity": "sha512-1qKN6AjXMeGE18xSIcMjrdc+woXrKasUess7Q3GyZU4M7I7U4vYnTjKDO/+pqaLkBceKcq6H2UudANgNILiGpw==",
      "dev": true
    }
  }
}
